Microsoft Visual Studio Solution File, Format Version 12.00
# Visual Studio Version 17
VisualStudioVersion = 17.0.31717.71
MinimumVisualStudioVersion = 10.0.40219.1
Project("{9A19103F-16F7-4668-BE54-9A1E7A4F7556}") = "CS1L.Server", "Server\CS1L.Server.csproj", "{B626143D-6626-44AF-BB40-40439DF76858}"
EndProject
Project("{9A19103F-16F7-4668-BE54-9A1E7A4F7556}") = "CS1L.Client", "Client\CS1L.Client.csproj", "{D1AD6701-935E-4D31-8989-2C4B6C1B78F0}"
EndProject
Project("{9A19103F-16F7-4668-BE54-9A1E7A4F7556}") = "CS1L.Shared", "Shared\CS1L.Shared.csproj", "{3F680EA6-02A8-419E-A2A2-3F46E8900E17}"
EndProject
Project("{9A19103F-16F7-4668-BE54-9A1E7A4F7556}") = "CS1L.Migrations", "CS1L.Migrations\CS1L.Migrations.csproj", "{969F8BE2-F72C-400C-80BA-3556AA065B23}"
EndProject
Project("{FAE04EC0-301F-11D3-BF4B-00C04F79EFBC}") = "Core", "Core\Core.csproj", "{2C2DBCC0-F391-4166-BA00-E2FB670FCA3A}"
EndProject
Global
	GlobalSection(SolutionConfigurationPlatforms) = preSolution
		Debug|Any CPU = Debug|Any CPU
		Release|Any CPU = Release|Any CPU
	EndGlobalSection
	GlobalSection(ProjectConfigurationPlatforms) = postSolution
		{B626143D-6626-44AF-BB40-40439DF76858}.Debug|Any CPU.ActiveCfg = Debug|Any CPU
		{B626143D-6626-44AF-BB40-40439DF76858}.Debug|Any CPU.Build.0 = Debug|Any CPU
		{B626143D-6626-44AF-BB40-40439DF76858}.Release|Any CPU.ActiveCfg = Release|Any CPU
		{B626143D-6626-44AF-BB40-40439DF76858}.Release|Any CPU.Build.0 = Release|Any CPU
		{D1AD6701-935E-4D31-8989-2C4B6C1B78F0}.Debug|Any CPU.ActiveCfg = Debug|Any CPU
		{D1AD6701-935E-4D31-8989-2C4B6C1B78F0}.Debug|Any CPU.Build.0 = Debug|Any CPU
		{D1AD6701-935E-4D31-8989-2C4B6C1B78F0}.Release|Any CPU.ActiveCfg = Release|Any CPU
		{D1AD6701-935E-4D31-8989-2C4B6C1B78F0}.Release|Any CPU.Build.0 = Release|Any CPU
		{3F680EA6-02A8-419E-A2A2-3F46E8900E17}.Debug|Any CPU.ActiveCfg = Debug|Any CPU
		{3F680EA6-02A8-419E-A2A2-3F46E8900E17}.Debug|Any CPU.Build.0 = Debug|Any CPU
		{3F680EA6-02A8-419E-A2A2-3F46E8900E17}.Release|Any CPU.ActiveCfg = Release|Any CPU
		{3F680EA6-02A8-419E-A2A2-3F46E8900E17}.Release|Any CPU.Build.0 = Release|Any CPU
		{2C2DBCC0-F391-4166-BA00-E2FB670FCA3A}.Debug|Any CPU.ActiveCfg = Debug|Any CPU
		{2C2DBCC0-F391-4166-BA00-E2FB670FCA3A}.Debug|Any CPU.Build.0 = Debug|Any CPU
		{2C2DBCC0-F391-4166-BA00-E2FB670FCA3A}.Release|Any CPU.ActiveCfg = Release|Any CPU
		{2C2DBCC0-F391-4166-BA00-E2FB670FCA3A}.Release|Any CPU.Build.0 = Release|Any CPU
		{969F8BE2-F72C-400C-80BA-3556AA065B23}.Debug|Any CPU.ActiveCfg = Debug|Any CPU
		{969F8BE2-F72C-400C-80BA-3556AA065B23}.Debug|Any CPU.Build.0 = Debug|Any CPU
		{969F8BE2-F72C-400C-80BA-3556AA065B23}.Release|Any CPU.ActiveCfg = Release|Any CPU
		{969F8BE2-F72C-400C-80BA-3556AA065B23}.Release|Any CPU.Build.0 = Release|Any CPU
	EndGlobalSection
	GlobalSection(SolutionProperties) = preSolution
		HideSolutionNode = FALSE
	EndGlobalSection
	GlobalSection(ExtensibilityGlobals) = postSolution
		SolutionGuid = {28FD90F4-1FA0-4776-A648-2FF0A524652A}
	EndGlobalSection
EndGlobal
